// !$*UTF8*$!
{
	archiveVersion = 1;
	classes = {
	};
	objectVersion = 46;
	objects = {

/* Begin PBXBuildFile section */
		10133FC8ADD870ECCB4EBC8A /* CoreMIDI.framework in Frameworks */ = {isa = PBXBuildFile; fileRef = 8080E29E09BC6A92B492704C /* CoreMIDI.framework */; };
		130BE2663D738F36B8E56CD1 /* QTKit.framework in Frameworks */ = {isa = PBXBuildFile; fileRef = 58786B623760D1DF503303EA /* QTKit.framework */; };
		213BBF995E5ED5586437A35B /* WebKit.framework in Frameworks */ = {isa = PBXBuildFile; fileRef = 120803F28C9AD60F92F215F1 /* WebKit.framework */; };
		5EAA88CF2E29FD3805BBF954 /* CoreAudio.framework in Frameworks */ = {isa = PBXBuildFile; fileRef = A872EC1FC8ACB96D125C58D4 /* CoreAudio.framework */; };
		5F7B3E3D2D89CE99356E6787 /* Carbon.framework in Frameworks */ = {isa = PBXBuildFile; fileRef = F2CFE0BF0350F1E2E18E2AF7 /* Carbon.framework */; };
		6F359F825211DAC0557B9143 /* PluginProcessor.cpp in Sources */ = {isa = PBXBuildFile; fileRef = D8075EFD2B6BDCEA9FED38D2 /* PluginProcessor.cpp */; };
		7BC8E10AE562AA46B92D4CFC /* Cocoa.framework in Frameworks */ = {isa = PBXBuildFile; fileRef = C8BA92FC06F727B486B115FE /* Cocoa.framework */; };
		82B5177ECF6EABE02B56B2B9 /* AudioToolbox.framework in Frameworks */ = {isa = PBXBuildFile; fileRef = 8E2C3311C6D94CF944F46C29 /* AudioToolbox.framework */; };
		8C2059A9D5D754B49EA57D15 /* QuartzCore.framework in Frameworks */ = {isa = PBXBuildFile; fileRef = 8E7E12BC35EFEB92FE176B4B /* QuartzCore.framework */; };
		925B288A15E3BDC30098E144 /* Accelerate.framework in Frameworks */ = {isa = PBXBuildFile; fileRef = 925B288915E3BDC30098E144 /* Accelerate.framework */; };
		9B662269CBE37ED77F65EA5C /* DiscRecording.framework in Frameworks */ = {isa = PBXBuildFile; fileRef = D47DE5AABF29F340F6D20109 /* DiscRecording.framework */; };
		C5656E9BCD0DDD0A0E24B17D /* OpenGL.framework in Frameworks */ = {isa = PBXBuildFile; fileRef = DE0371CBC3F6B7D8E05F1C30 /* OpenGL.framework */; };
		D5A3B49E044F20F1F0DA9ADE /* QuickTime.framework in Frameworks */ = {isa = PBXBuildFile; fileRef = 62D6AD3A28FC53D1F0D76524 /* QuickTime.framework */; };
		D9EB151E26FB3C1A9D61CEC9 /* IOKit.framework in Frameworks */ = {isa = PBXBuildFile; fileRef = 6E80F48E42B5D0FC85358732 /* IOKit.framework */; };
		E254364858206429049883E8 /* PluginEditor.cpp in Sources */ = {isa = PBXBuildFile; fileRef = FA84760280389B79E86A37DF /* PluginEditor.cpp */; };
/* End PBXBuildFile section */

/* Begin PBXFileReference section */
		120803F28C9AD60F92F215F1 /* WebKit.framework */ = {isa = PBXFileReference; lastKnownFileType = wrapper.framework; name = WebKit.framework; path = System/Library/Frameworks/WebKit.framework; sourceTree = SDKROOT; };
		58786B623760D1DF503303EA /* QTKit.framework */ = {isa = PBXFileReference; lastKnownFileType = wrapper.framework; name = QTKit.framework; path = System/Library/Frameworks/QTKit.framework; sourceTree = SDKROOT; };
		62D6AD3A28FC53D1F0D76524 /* QuickTime.framework */ = {isa = PBXFileReference; lastKnownFileType = wrapper.framework; name = QuickTime.framework; path = System/Library/Frameworks/QuickTime.framework; sourceTree = SDKROOT; };
		6E80F48E42B5D0FC85358732 /* IOKit.framework */ = {isa = PBXFileReference; lastKnownFileType = wrapper.framework; name = IOKit.framework; path = System/Library/Frameworks/IOKit.framework; sourceTree = SDKROOT; };
		8080E29E09BC6A92B492704C /* CoreMIDI.framework */ = {isa = PBXFileReference; lastKnownFileType = wrapper.framework; name = CoreMIDI.framework; path = System/Library/Frameworks/CoreMIDI.framework; sourceTree = SDKROOT; };
		8544ADB2077EAC2CB4652EA7 /* JucePdVst.vst */ = {isa = PBXFileReference; explicitFileType = wrapper.cfbundle; includeInIndex = 0; path = JucePdVst.vst; sourceTree = BUILT_PRODUCTS_DIR; };
		8CB397AD591F12C847B78BBF /* PluginProcessor.h */ = {isa = PBXFileReference; lastKnownFileType = sourcecode.c.h; name = PluginProcessor.h; path = ../../Source/PluginProcessor.h; sourceTree = SOURCE_ROOT; };
		8E2C3311C6D94CF944F46C29 /* AudioToolbox.framework */ = {isa = PBXFileReference; lastKnownFileType = wrapper.framework; name = AudioToolbox.framework; path = System/Library/Frameworks/AudioToolbox.framework; sourceTree = SDKROOT; };
		8E7E12BC35EFEB92FE176B4B /* QuartzCore.framework */ = {isa = PBXFileReference; lastKnownFileType = wrapper.framework; name = QuartzCore.framework; path = System/Library/Frameworks/QuartzCore.framework; sourceTree = SDKROOT; };
		925B288915E3BDC30098E144 /* Accelerate.framework */ = {isa = PBXFileReference; lastKnownFileType = wrapper.framework; name = Accelerate.framework; path = Platforms/MacOSX.platform/Developer/SDKs/MacOSX10.8.sdk/System/Library/Frameworks/Accelerate.framework; sourceTree = DEVELOPER_DIR; };
		A5EC78ABB1601D0FBCFCE23D /* Info.plist */ = {isa = PBXFileReference; lastKnownFileType = text.plist.xml; path = Info.plist; sourceTree = SOURCE_ROOT; };
		A872EC1FC8ACB96D125C58D4 /* CoreAudio.framework */ = {isa = PBXFileReference; lastKnownFileType = wrapper.framework; name = CoreAudio.framework; path = System/Library/Frameworks/CoreAudio.framework; sourceTree = SDKROOT; };
		C8BA92FC06F727B486B115FE /* Cocoa.framework */ = {isa = PBXFileReference; lastKnownFileType = wrapper.framework; name = Cocoa.framework; path = System/Library/Frameworks/Cocoa.framework; sourceTree = SDKROOT; };
		D1804C5315EC005D00A35272 /* AppConfig.h */ = {isa = PBXFileReference; fileEncoding = 4; lastKnownFileType = sourcecode.c.h; path = AppConfig.h; sourceTree = "<group>"; };
		D1804C6015EC008E00A35272 /* JuceHeader.h */ = {isa = PBXFileReference; fileEncoding = 4; lastKnownFileType = sourcecode.c.h; path = JuceHeader.h; sourceTree = "<group>"; };
		D47DE5AABF29F340F6D20109 /* DiscRecording.framework */ = {isa = PBXFileReference; lastKnownFileType = wrapper.framework; name = DiscRecording.framework; path = System/Library/Frameworks/DiscRecording.framework; sourceTree = SDKROOT; };
		D8075EFD2B6BDCEA9FED38D2 /* PluginProcessor.cpp */ = {isa = PBXFileReference; lastKnownFileType = sourcecode.cpp.cpp; name = PluginProcessor.cpp; path = ../../Source/PluginProcessor.cpp; sourceTree = SOURCE_ROOT; };
		DE0371CBC3F6B7D8E05F1C30 /* OpenGL.framework */ = {isa = PBXFileReference; lastKnownFileType = wrapper.framework; name = OpenGL.framework; path = System/Library/Frameworks/OpenGL.framework; sourceTree = SDKROOT; };
		DF8A5D32F493BA1C556A2399 /* PluginEditor.h */ = {isa = PBXFileReference; lastKnownFileType = sourcecode.c.h; name = PluginEditor.h; path = ../../Source/PluginEditor.h; sourceTree = SOURCE_ROOT; };
		F2CFE0BF0350F1E2E18E2AF7 /* Carbon.framework */ = {isa = PBXFileReference; lastKnownFileType = wrapper.framework; name = Carbon.framework; path = System/Library/Frameworks/Carbon.framework; sourceTree = SDKROOT; };
		FA84760280389B79E86A37DF /* PluginEditor.cpp */ = {isa = PBXFileReference; lastKnownFileType = sourcecode.cpp.cpp; name = PluginEditor.cpp; path = ../../Source/PluginEditor.cpp; sourceTree = SOURCE_ROOT; };
/* End PBXFileReference section */

/* Begin PBXFrameworksBuildPhase section */
		B19B95FFD0175D79BEA9D833 /* Frameworks */ = {
			isa = PBXFrameworksBuildPhase;
			buildActionMask = 2147483647;
			files = (
				925B288A15E3BDC30098E144 /* Accelerate.framework in Frameworks */,
				82B5177ECF6EABE02B56B2B9 /* AudioToolbox.framework in Frameworks */,
				5F7B3E3D2D89CE99356E6787 /* Carbon.framework in Frameworks */,
				7BC8E10AE562AA46B92D4CFC /* Cocoa.framework in Frameworks */,
				5EAA88CF2E29FD3805BBF954 /* CoreAudio.framework in Frameworks */,
				10133FC8ADD870ECCB4EBC8A /* CoreMIDI.framework in Frameworks */,
				9B662269CBE37ED77F65EA5C /* DiscRecording.framework in Frameworks */,
				D9EB151E26FB3C1A9D61CEC9 /* IOKit.framework in Frameworks */,
				C5656E9BCD0DDD0A0E24B17D /* OpenGL.framework in Frameworks */,
				130BE2663D738F36B8E56CD1 /* QTKit.framework in Frameworks */,
				8C2059A9D5D754B49EA57D15 /* QuartzCore.framework in Frameworks */,
				D5A3B49E044F20F1F0DA9ADE /* QuickTime.framework in Frameworks */,
				213BBF995E5ED5586437A35B /* WebKit.framework in Frameworks */,
			);
			runOnlyForDeploymentPostprocessing = 0;
		};
/* End PBXFrameworksBuildPhase section */

/* Begin PBXGroup section */
		00423CAC4B161F8693904642 /* Products */ = {
			isa = PBXGroup;
			children = (
				8544ADB2077EAC2CB4652EA7 /* JucePdVst.vst */,
			);
			name = Products;
			sourceTree = "<group>";
		};
		0FEDC77DA8EDC6E8701D8F47 /* JucePdVst */ = {
			isa = PBXGroup;
			children = (
				9F6C14C4E7BA6A178AFB3DBB /* Source */,
			);
			name = JucePdVst;
			sourceTree = "<group>";
		};
		12CC87DB18642741D2E9D8B3 /* Resources */ = {
			isa = PBXGroup;
			children = (
				A5EC78ABB1601D0FBCFCE23D /* Info.plist */,
			);
			name = Resources;
			sourceTree = "<group>";
		};
		30B7AB0CBD306ACFDC21DE4C /* Source */ = {
			isa = PBXGroup;
			children = (
				0FEDC77DA8EDC6E8701D8F47 /* JucePdVst */,
				12CC87DB18642741D2E9D8B3 /* Resources */,
				E5D52A4F8625E1B3B493044C /* Frameworks */,
				00423CAC4B161F8693904642 /* Products */,
			);
			name = Source;
			sourceTree = "<group>";
		};
		9F6C14C4E7BA6A178AFB3DBB /* Source */ = {
			isa = PBXGroup;
			children = (
				D8075EFD2B6BDCEA9FED38D2 /* PluginProcessor.cpp */,
				8CB397AD591F12C847B78BBF /* PluginProcessor.h */,
				DF8A5D32F493BA1C556A2399 /* PluginEditor.h */,
				FA84760280389B79E86A37DF /* PluginEditor.cpp */,
				D1804C5315EC005D00A35272 /* AppConfig.h */,
				D1804C6015EC008E00A35272 /* JuceHeader.h */,
			);
			name = Source;
			sourceTree = "<group>";
		};
		E5D52A4F8625E1B3B493044C /* Frameworks */ = {
			isa = PBXGroup;
			children = (
				925B288915E3BDC30098E144 /* Accelerate.framework */,
				8E2C3311C6D94CF944F46C29 /* AudioToolbox.framework */,
				F2CFE0BF0350F1E2E18E2AF7 /* Carbon.framework */,
				C8BA92FC06F727B486B115FE /* Cocoa.framework */,
				A872EC1FC8ACB96D125C58D4 /* CoreAudio.framework */,
				8080E29E09BC6A92B492704C /* CoreMIDI.framework */,
				D47DE5AABF29F340F6D20109 /* DiscRecording.framework */,
				6E80F48E42B5D0FC85358732 /* IOKit.framework */,
				DE0371CBC3F6B7D8E05F1C30 /* OpenGL.framework */,
				58786B623760D1DF503303EA /* QTKit.framework */,
				8E7E12BC35EFEB92FE176B4B /* QuartzCore.framework */,
				62D6AD3A28FC53D1F0D76524 /* QuickTime.framework */,
				120803F28C9AD60F92F215F1 /* WebKit.framework */,
			);
			name = Frameworks;
			sourceTree = "<group>";
		};
/* End PBXGroup section */

/* Begin PBXNativeTarget section */
		BB3C5304EEFF6AD789AB8F67 /* JucePdVst */ = {
			isa = PBXNativeTarget;
			buildConfigurationList = F7899BA4685D8495C96EFEB1 /* Build configuration list for PBXNativeTarget "JucePdVst" */;
			buildPhases = (
				344FE2BBB0F7FF4AD0587C1E /* Resources */,
				7D8DC4B2FEB7CCB251C6D310 /* Rez */,
				BE00C7DC5C0E7C7D604666A2 /* Sources */,
				B19B95FFD0175D79BEA9D833 /* Frameworks */,
				FFF6D8A571B1B69434264921 /* Copy to the different plugin folders */,
			);
			buildRules = (
			);
			dependencies = (
			);
			name = JucePdVst;
			productInstallPath = "$(HOME)/Library/Audio/Plug-Ins/Components/";
			productName = JucePdVst;
			productReference = 8544ADB2077EAC2CB4652EA7 /* JucePdVst.vst */;
			productType = "com.apple.product-type.bundle";
		};
/* End PBXNativeTarget section */

/* Begin PBXProject section */
		24A9965BC5DAA9A3DC5BB455 /* Project object */ = {
			isa = PBXProject;
			buildConfigurationList = 2D3392180E2975BCD9959668 /* Build configuration list for PBXProject "JucePdVst" */;
			compatibilityVersion = "Xcode 3.2";
			developmentRegion = English;
			hasScannedForEncodings = 0;
			knownRegions = (
				en,
			);
			mainGroup = 30B7AB0CBD306ACFDC21DE4C /* Source */;
			projectDirPath = "";
			projectRoot = "";
			targets = (
				BB3C5304EEFF6AD789AB8F67 /* JucePdVst */,
			);
		};
/* End PBXProject section */

/* Begin PBXResourcesBuildPhase section */
		344FE2BBB0F7FF4AD0587C1E /* Resources */ = {
			isa = PBXResourcesBuildPhase;
			buildActionMask = 2147483647;
			files = (
			);
			runOnlyForDeploymentPostprocessing = 0;
		};
/* End PBXResourcesBuildPhase section */

/* Begin PBXRezBuildPhase section */
		7D8DC4B2FEB7CCB251C6D310 /* Rez */ = {
			isa = PBXRezBuildPhase;
			buildActionMask = 2147483647;
			files = (
			);
			runOnlyForDeploymentPostprocessing = 0;
		};
/* End PBXRezBuildPhase section */

/* Begin PBXShellScriptBuildPhase section */
		FFF6D8A571B1B69434264921 /* Copy to the different plugin folders */ = {
			isa = PBXShellScriptBuildPhase;
			buildActionMask = 2147483647;
			files = (
			);
			name = "Copy to the different plugin folders";
			runOnlyForDeploymentPostprocessing = 0;
			shellPath = /bin/sh;
			shellScript = "\n# This script takes the build product and copies it to the AU, VST, and RTAS folders, depending on \n# which plugin types you've built\n\noriginal=$CONFIGURATION_BUILD_DIR/$FULL_PRODUCT_NAME\n\n# this looks inside the binary to detect which platforms are needed.. \ncopyAU=`nm -g \"$CONFIGURATION_BUILD_DIR/$EXECUTABLE_PATH\" | grep -i 'AudioUnit' | wc -l`\ncopyVST=`nm -g \"$CONFIGURATION_BUILD_DIR/$EXECUTABLE_PATH\" | grep -i 'VSTPlugin' | wc -l`\ncopyRTAS=`nm -g \"$CONFIGURATION_BUILD_DIR/$EXECUTABLE_PATH\" | grep -i 'CProcess' | wc -l`\n\nif [ $copyAU -gt 0 ]; then\n  echo \"Copying to AudioUnit folder...\"\n  AU=~/Library/Audio/Plug-Ins/Components/$PRODUCT_NAME.component\n  if [ -d \"$AU\" ]; then \n    rm -r \"$AU\"\n  fi\n\n  cp -r \"$original\" \"$AU\"\n  sed -i \"\" -e 's/TDMwPTul/BNDLPTul/g' \"$AU/Contents/PkgInfo\"\n  sed -i \"\" -e 's/TDMw/BNDL/g' \"$AU/Contents/$INFOPLIST_FILE\"\nfi\n\nif [ $copyVST -gt 0 ]; then\n  echo \"Copying to VST folder...\"\n VST=~/Library/Audio/Plug-Ins/VST/$PRODUCT_NAME.vst\n\n  if [ -d \"$VST\" ]; then\n    rm -r \"$VST\"\n  fi\n\n  cp -r \"$original\" \"$VST\"\n  sed -i \"\" -e 's/TDMwPTul/BNDLPTul/g' \"$VST/Contents/PkgInfo\"\n  sed -i \"\" -e 's/TDMw/BNDL/g' \"$VST/Contents/$INFOPLIST_FILE\"\nfi\n\nif [ $copyRTAS -gt 0 ]; then\n  echo \"Copying to RTAS folder...\"\n  RTAS=/Library/Application\\ Support/Digidesign/Plug-Ins/$PRODUCT_NAME.dpm\n  if [ -d \"$RTAS\" ]; then\n    rm -r \"$RTAS\"\n  fi\n\n  cp -r \"$original\" \"$RTAS\"\nfi\n";
		};
/* End PBXShellScriptBuildPhase section */

/* Begin PBXSourcesBuildPhase section */
		BE00C7DC5C0E7C7D604666A2 /* Sources */ = {
			isa = PBXSourcesBuildPhase;
			buildActionMask = 2147483647;
			files = (
				6F359F825211DAC0557B9143 /* PluginProcessor.cpp in Sources */,
				E254364858206429049883E8 /* PluginEditor.cpp in Sources */,
			);
			runOnlyForDeploymentPostprocessing = 0;
		};
/* End PBXSourcesBuildPhase section */

/* Begin XCBuildConfiguration section */
		00F369CD55B95AA713167B37 /* Debug */ = {
			isa = XCBuildConfiguration;
			buildSettings = {
				ALWAYS_SEARCH_USER_PATHS = NO;
				DEBUG_INFORMATION_FORMAT = dwarf;
				GCC_C_LANGUAGE_STANDARD = c99;
				GCC_INLINES_ARE_PRIVATE_EXTERN = YES;
				GCC_MODEL_TUNING = G5;
				GCC_WARN_ABOUT_RETURN_TYPE = YES;
				GCC_WARN_CHECK_SWITCH_STATEMENTS = YES;
				GCC_WARN_MISSING_PARENTHESES = YES;
				GCC_WARN_NON_VIRTUAL_DESTRUCTOR = YES;
				GCC_WARN_TYPECHECK_CALLS_TO_PRINTF = YES;
				GCC_WARN_UNUSED_VARIABLE = YES;
				PRODUCT_NAME = JucePdVst;
				WARNING_CFLAGS = "-Wreorder";
				ZERO_LINK = NO;
			};
			name = Debug;
		};
		3A6E6D5101AB16F0E2C54236 /* Debug */ = {
			isa = XCBuildConfiguration;
			buildSettings = {
				ARCHS = "$(ARCHS_STANDARD_32_64_BIT)";
				CLANG_CXX_LANGUAGE_STANDARD = "c++0x";
				COPY_PHASE_STRIP = NO;
				GCC_DYNAMIC_NO_PIC = NO;
				GCC_OPTIMIZATION_LEVEL = 0;
				GCC_PREPROCESSOR_DEFINITIONS = (
					"_DEBUG=1",
					"DEBUG=1",
					"JUCE_ObjCExtraSuffix=yzkbLA",
					"JUCER_XCODE_MAC_F6D2F4CF=1",
				);
				GCC_VERSION = com.apple.compilers.llvm.clang.1_0;
				GENERATE_PKGINFO_FILE = YES;
				HEADER_SEARCH_PATHS = (
					"../../../JUCE/**",
					"$(inherited)",
					"../../../ZenGarden/**",
				);
				INFOPLIST_FILE = Info.plist;
				INSTALL_PATH = /Users/TomRushmore/Desktop/vstte/;
				LIBRARY_SEARCH_PATHS = "../../Include/**";
				LIBRARY_STYLE = Bundle;
				MACOSX_DEPLOYMENT_TARGET = 10.7;
				MACOSX_DEPLOYMENT_TARGET_ppc = 10.4;
				ONLY_ACTIVE_ARCH = NO;
				OTHER_LDFLAGS = "-bundle";
				OTHER_REZFLAGS = "-d ppc_$ppc -d i386_$i386 -d ppc64_$ppc64 -d x86_64_$x86_64 -I /System/Library/Frameworks/CoreServices.framework/Frameworks/CarbonCore.framework/Versions/A/Headers -I \"$(DEVELOPER_DIR)/Extras/CoreAudio/AudioUnits/AUPublic/AUBase\"";
				SDKROOT = macosx10.7;
				SDKROOT_ppc = macosx10.5;
				SRCROOT = ../..;
				WRAPPER_EXTENSION = vst;
			};
			name = Debug;
		};
		62AC2233952632949D42AA80 /* Release */ = {
			isa = XCBuildConfiguration;
			buildSettings = {
				ARCHS = "$(ARCHS_STANDARD_32_64_BIT)";
				CLANG_CXX_LANGUAGE_STANDARD = "c++0x";
				GCC_GENERATE_DEBUGGING_SYMBOLS = NO;
				GCC_OPTIMIZATION_LEVEL = s;
				GCC_PREPROCESSOR_DEFINITIONS = (
					"_NDEBUG=1",
					"NDEBUG=1",
					"JUCE_ObjCExtraSuffix=yzkbLA",
					"JUCER_XCODE_MAC_F6D2F4CF=1",
				);
				GCC_SYMBOLS_PRIVATE_EXTERN = YES;
				GCC_VERSION = com.apple.compilers.llvm.clang.1_0;
				GENERATE_PKGINFO_FILE = YES;
				HEADER_SEARCH_PATHS = (
					"../../../JUCE/**",
					"$(inherited)",
					"../../../ZenGarden/**",
				);
				INFOPLIST_FILE = Info.plist;
				INSTALL_PATH = /Users/TomRushmore/Desktop/vstte/;
				LIBRARY_SEARCH_PATHS = "../../Include/**";
				LIBRARY_STYLE = Bundle;
				MACOSX_DEPLOYMENT_TARGET = 10.7;
				MACOSX_DEPLOYMENT_TARGET_ppc = 10.4;
				ONLY_ACTIVE_ARCH = NO;
				OTHER_LDFLAGS = "-bundle";
				OTHER_REZFLAGS = "-d ppc_$ppc -d i386_$i386 -d ppc64_$ppc64 -d x86_64_$x86_64 -I /System/Library/Frameworks/CoreServices.framework/Frameworks/CarbonCore.framework/Versions/A/Headers -I \"$(DEVELOPER_DIR)/Extras/CoreAudio/AudioUnits/AUPublic/AUBase\"";
				SDKROOT = macosx10.7;
				SDKROOT_ppc = macosx10.5;
				SRCROOT = ../..;
				WRAPPER_EXTENSION = vst;
			};
			name = Release;
		};
		F06CD4673B25BBB4355A5047 /* Release */ = {
			isa = XCBuildConfiguration;
			buildSettings = {
				ALWAYS_SEARCH_USER_PATHS = NO;
				DEBUG_INFORMATION_FORMAT = dwarf;
				GCC_C_LANGUAGE_STANDARD = c99;
				GCC_INLINES_ARE_PRIVATE_EXTERN = YES;
				GCC_MODEL_TUNING = G5;
				GCC_WARN_ABOUT_RETURN_TYPE = YES;
				GCC_WARN_CHECK_SWITCH_STATEMENTS = YES;
				GCC_WARN_MISSING_PARENTHESES = YES;
				GCC_WARN_NON_VIRTUAL_DESTRUCTOR = YES;
				GCC_WARN_TYPECHECK_CALLS_TO_PRINTF = YES;
				GCC_WARN_UNUSED_VARIABLE = YES;
				PRODUCT_NAME = JucePdVst;
				WARNING_CFLAGS = "-Wreorder";
				ZERO_LINK = NO;
			};
			name = Release;
		};
/* End XCBuildConfiguration section */

/* Begin XCConfigurationList section */
		2D3392180E2975BCD9959668 /* Build configuration list for PBXProject "JucePdVst" */ = {
			isa = XCConfigurationList;
			buildConfigurations = (
				00F369CD55B95AA713167B37 /* Debug */,
				F06CD4673B25BBB4355A5047 /* Release */,
			);
			defaultConfigurationIsVisible = 0;
			defaultConfigurationName = Debug;
		};
		F7899BA4685D8495C96EFEB1 /* Build configuration list for PBXNativeTarget "JucePdVst" */ = {
			isa = XCConfigurationList;
			buildConfigurations = (
				3A6E6D5101AB16F0E2C54236 /* Debug */,
				62AC2233952632949D42AA80 /* Release */,
			);
			defaultConfigurationIsVisible = 0;
			defaultConfigurationName = Debug;
		};
/* End XCConfigurationList section */
	};
	rootObject = 24A9965BC5DAA9A3DC5BB455 /* Project object */;
}
